PODS:
  - Stripe (24.2.0):
    - StripeApplePay (= 24.2.0)
    - StripeCore (= 24.2.0)
    - StripePayments (= 24.2.0)
    - StripePaymentsUI (= 24.2.0)
    - StripeUICore (= 24.2.0)
  - StripeApplePay (24.2.0):
    - StripeCore (= 24.2.0)
  - StripeCore (24.2.0)
  - StripePayments (24.2.0):
    - StripeCore (= 24.2.0)
    - StripePayments/Stripe3DS2 (= 24.2.0)
  - StripePayments/Stripe3DS2 (24.2.0):
    - StripeCore (= 24.2.0)
  - StripePaymentSheet (24.2.0):
    - StripeApplePay (= 24.2.0)
    - StripeCore (= 24.2.0)
    - StripePayments (= 24.2.0)
    - StripePaymentsUI (= 24.2.0)
  - StripePaymentsUI (24.2.0):
    - StripeCore (= 24.2.0)
    - StripePayments (= 24.2.0)
    - StripeUICore (= 24.2.0)
  - StripeUICore (24.2.0):
    - StripeCore (= 24.2.0)

DEPENDENCIES:
  - Stripe
  - StripePaymentSheet

SPEC REPOS:
  trunk:
    - Stripe
    - StripeApplePay
    - StripeCore
    - StripePayments
    - StripePaymentSheet
    - StripePaymentsUI
    - StripeUICore

SPEC CHECKSUMS:
  Stripe: be805dc0e80a7299de7b10ecbe01ce81412654c8
  StripeApplePay: 5233ecff535bb0772785d2d18d02b39ec24ecb71
  StripeCore: e2f70fcaa82e5a9d44d18fe4534358384cdf4821
  StripePayments: beb97f8061066532744ceaa03e59009c9716332e
  StripePaymentSheet: 0d8ed5270037b1da3eb107c9876cec67b8b1fe43
  StripePaymentsUI: 6486d8b86bf49b8932506807a8692ce16e9f109d
  StripeUICore: b59aa9c9e202b6a03a556c3519eff578274f7598

PODFILE CHECKSUM: 90c77baf75ca41ebf3e64b337cf9d434b3ceb7f0

COCOAPODS: 1.16.2
